# This file is automatically @generated by Cargo.
# It is not intended for manual editing.
version = 3

[[package]]
name = "binary"
version = "1.0.0"

[[package]]
name = "engine_api"
version = "1.0.0"
source = "git+https://github.com/stcraft/engine_api#af0f2882113f9b3cb9a44cfe51b74e588b7ecf51"

[[package]]
name = "nbt"
version = "1.0.0"
dependencies = [
 "binary",
 "engine_api",
]
